
Microsoft Visual Studio Solution File, Format Version 12.00
# Visual Studio Version 16
VisualStudioVersion = 16.0.30002.166
MinimumVisualStudioVersion = 10.0.40219.1
Project("{9A19103F-16F7-4668-BE54-9A1E7A4F7556}") = "Programatica.DummyApp.Mvc", "Programatica.DummyApp.Mvc.csproj", "{A11FB0F8-2914-4705-AABA-0E92963DF208}"
EndProject
Project("{FAE04EC0-301F-11D3-BF4B-00C04F79EFBC}") = "Programatica.DummyApp.Data", "..\Programatica.DummyApp.Data\Programatica.DummyApp.Data.csproj", "{BA061019-6C2A-47B9-9E87-37A8D2CE4F01}"
EndProject
Global
	GlobalSection(SolutionConfigurationPlatforms) = preSolution
		Debug|Any CPU = Debug|Any CPU
		Release|Any CPU = Release|Any CPU
	EndGlobalSection
	GlobalSection(ProjectConfigurationPlatforms) = postSolution
		{A11FB0F8-2914-4705-AABA-0E92963DF208}.Debug|Any CPU.ActiveCfg = Debug|Any CPU
		{A11FB0F8-2914-4705-AABA-0E92963DF208}.Debug|Any CPU.Build.0 = Debug|Any CPU
		{A11FB0F8-2914-4705-AABA-0E92963DF208}.Release|Any CPU.ActiveCfg = Release|Any CPU
		{A11FB0F8-2914-4705-AABA-0E92963DF208}.Release|Any CPU.Build.0 = Release|Any CPU
		{BA061019-6C2A-47B9-9E87-37A8D2CE4F01}.Debug|Any CPU.ActiveCfg = Debug|Any CPU
		{BA061019-6C2A-47B9-9E87-37A8D2CE4F01}.Debug|Any CPU.Build.0 = Debug|Any CPU
		{BA061019-6C2A-47B9-9E87-37A8D2CE4F01}.Release|Any CPU.ActiveCfg = Release|Any CPU
		{BA061019-6C2A-47B9-9E87-37A8D2CE4F01}.Release|Any CPU.Build.0 = Release|Any CPU
	EndGlobalSection
	GlobalSection(SolutionProperties) = preSolution
		HideSolutionNode = FALSE
	EndGlobalSection
	GlobalSection(ExtensibilityGlobals) = postSolution
		SolutionGuid = {4A837D2D-35B2-4D37-92C9-D6B5A0A90277}
	EndGlobalSection
EndGlobal
